
Microsoft Visual Studio Solution File, Format Version 12.00
# Visual Studio Version 16
VisualStudioVersion = 16.0.30621.155
MinimumVisualStudioVersion = 10.0.40219.1
Project("{FAE04EC0-301F-11D3-BF4B-00C04F79EFBC}") = "OpdrachtWeekDrie", "OpdrachtWeekDrie\OpdrachtWeekDrie.csproj", "{A5B1FC27-CC8B-44A8-A7EE-36702F085296}"
EndProject
Global
	GlobalSection(SolutionConfigurationPlatforms) = preSolution
		Debug|Any CPU = Debug|Any CPU
		Release|Any CPU = Release|Any CPU
	EndGlobalSection
	GlobalSection(ProjectConfigurationPlatforms) = postSolution
		{A5B1FC27-CC8B-44A8-A7EE-36702F085296}.Debug|Any CPU.ActiveCfg = Debug|Any CPU
		{A5B1FC27-CC8B-44A8-A7EE-36702F085296}.Debug|Any CPU.Build.0 = Debug|Any CPU
		{A5B1FC27-CC8B-44A8-A7EE-36702F085296}.Release|Any CPU.ActiveCfg = Release|Any CPU
		{A5B1FC27-CC8B-44A8-A7EE-36702F085296}.Release|Any CPU.Build.0 = Release|Any CPU
	EndGlobalSection
	GlobalSection(SolutionProperties) = preSolution
		HideSolutionNode = FALSE
	EndGlobalSection
	GlobalSection(ExtensibilityGlobals) = postSolution
		SolutionGuid = {B25900EA-2134-4EBD-BF40-E399250FC040}
	EndGlobalSection
EndGlobal
